
Microsoft Visual Studio Solution File, Format Version 12.00
# Visual Studio 15
VisualStudioVersion = 15.0.28307.106
MinimumVisualStudioVersion = 10.0.40219.1
Project("{9A19103F-16F7-4668-BE54-9A1E7A4F7556}") = "Scorpio.Web", "Scorpio.Web\Scorpio.Web.csproj", "{6B2A9ED8-D7D3-4E87-ABB5-3D9E3B8FB162}"
EndProject
Project("{9A19103F-16F7-4668-BE54-9A1E7A4F7556}") = "Scorpio.Core", "Scorpio.Core\Scorpio.Core.csproj", "{4B1ACE09-1163-4D78-9400-0119438B8917}"
EndProject
Project("{9A19103F-16F7-4668-BE54-9A1E7A4F7556}") = "Scorpio.Repository.Dapper", "Scorpio.Repository.Dapper\Scorpio.Repository.Dapper.csproj", "{1A19F8C9-9FE6-48CD-A3D8-A018BB3889D0}"
EndProject
Global
	GlobalSection(SolutionConfigurationPlatforms) = preSolution
		Debug|Any CPU = Debug|Any CPU
		Release|Any CPU = Release|Any CPU
	EndGlobalSection
	GlobalSection(ProjectConfigurationPlatforms) = postSolution
		{6B2A9ED8-D7D3-4E87-ABB5-3D9E3B8FB162}.Debug|Any CPU.ActiveCfg = Debug|Any CPU
		{6B2A9ED8-D7D3-4E87-ABB5-3D9E3B8FB162}.Debug|Any CPU.Build.0 = Debug|Any CPU
		{6B2A9ED8-D7D3-4E87-ABB5-3D9E3B8FB162}.Release|Any CPU.ActiveCfg = Release|Any CPU
		{6B2A9ED8-D7D3-4E87-ABB5-3D9E3B8FB162}.Release|Any CPU.Build.0 = Release|Any CPU
		{4B1ACE09-1163-4D78-9400-0119438B8917}.Debug|Any CPU.ActiveCfg = Debug|Any CPU
		{4B1ACE09-1163-4D78-9400-0119438B8917}.Debug|Any CPU.Build.0 = Debug|Any CPU
		{4B1ACE09-1163-4D78-9400-0119438B8917}.Release|Any CPU.ActiveCfg = Release|Any CPU
		{4B1ACE09-1163-4D78-9400-0119438B8917}.Release|Any CPU.Build.0 = Release|Any CPU
		{1A19F8C9-9FE6-48CD-A3D8-A018BB3889D0}.Debug|Any CPU.ActiveCfg = Debug|Any CPU
		{1A19F8C9-9FE6-48CD-A3D8-A018BB3889D0}.Debug|Any CPU.Build.0 = Debug|Any CPU
		{1A19F8C9-9FE6-48CD-A3D8-A018BB3889D0}.Release|Any CPU.ActiveCfg = Release|Any CPU
		{1A19F8C9-9FE6-48CD-A3D8-A018BB3889D0}.Release|Any CPU.Build.0 = Release|Any CPU
	EndGlobalSection
	GlobalSection(SolutionProperties) = preSolution
		HideSolutionNode = FALSE
	EndGlobalSection
	GlobalSection(ExtensibilityGlobals) = postSolution
		SolutionGuid = {16069DA5-FC6A-40BD-9CE6-76AB134826A2}
	EndGlobalSection
EndGlobal
